
Microsoft Visual Studio Solution File, Format Version 12.00
# Visual Studio Version 17
VisualStudioVersion = 17.5.002.0
MinimumVisualStudioVersion = 10.0.40219.1
Project("{9A19103F-16F7-4668-BE54-9A1E7A4F7556}") = "PA_6", "PA_6\PA_6.csproj", "{90674960-E68C-46E4-A260-7A2648389523}"
EndProject
Global
	GlobalSection(SolutionConfigurationPlatforms) = preSolution
		Debug|Any CPU = Debug|Any CPU
		Release|Any CPU = Release|Any CPU
	EndGlobalSection
	GlobalSection(ProjectConfigurationPlatforms) = postSolution
		{90674960-E68C-46E4-A260-7A2648389523}.Debug|Any CPU.ActiveCfg = Debug|Any CPU
		{90674960-E68C-46E4-A260-7A2648389523}.Debug|Any CPU.Build.0 = Debug|Any CPU
		{90674960-E68C-46E4-A260-7A2648389523}.Release|Any CPU.ActiveCfg = Release|Any CPU
		{90674960-E68C-46E4-A260-7A2648389523}.Release|Any CPU.Build.0 = Release|Any CPU
	EndGlobalSection
	GlobalSection(SolutionProperties) = preSolution
		HideSolutionNode = FALSE
	EndGlobalSection
	GlobalSection(ExtensibilityGlobals) = postSolution
		SolutionGuid = {4453594A-BE67-4985-A590-6470A4BDFF19}
	EndGlobalSection
EndGlobal
